
Microsoft Visual Studio Solution File, Format Version 12.00
# Visual Studio Version 16
VisualStudioVersion = 16.0.31624.102
MinimumVisualStudioVersion = 10.0.40219.1
Project("{FAE04EC0-301F-11D3-BF4B-00C04F79EFBC}") = "IO Link", "IO Link\IO Link.csproj", "{3DEFE736-E591-424D-BE6F-9D6BF73F9087}"
EndProject
Global
	GlobalSection(SolutionConfigurationPlatforms) = preSolution
		Debug|Any CPU = Debug|Any CPU
		Release|Any CPU = Release|Any CPU
	EndGlobalSection
	GlobalSection(ProjectConfigurationPlatforms) = postSolution
		{3DEFE736-E591-424D-BE6F-9D6BF73F9087}.Debug|Any CPU.ActiveCfg = Debug|Any CPU
		{3DEFE736-E591-424D-BE6F-9D6BF73F9087}.Debug|Any CPU.Build.0 = Debug|Any CPU
		{3DEFE736-E591-424D-BE6F-9D6BF73F9087}.Release|Any CPU.ActiveCfg = Release|Any CPU
		{3DEFE736-E591-424D-BE6F-9D6BF73F9087}.Release|Any CPU.Build.0 = Release|Any CPU
	EndGlobalSection
	GlobalSection(SolutionProperties) = preSolution
		HideSolutionNode = FALSE
	EndGlobalSection
	GlobalSection(ExtensibilityGlobals) = postSolution
		SolutionGuid = {8468EDF2-C563-42DE-AA3B-A8695752A92B}
	EndGlobalSection
EndGlobal
